
Microsoft Visual Studio Solution File, Format Version 12.00
# Visual Studio 15
VisualStudioVersion = 15.0.27130.2027
MinimumVisualStudioVersion = 10.0.40219.1
Project("{9A19103F-16F7-4668-BE54-9A1E7A4F7556}") = "CsvParser", "CsvParser\CsvParser.csproj", "{5A745472-C4FE-4BFC-BDD2-082242883703}"
EndProject
Project("{FAE04EC0-301F-11D3-BF4B-00C04F79EFBC}") = "CsvParser_UnitTests", "CsvParser_UnitTests\CsvParser_UnitTests.csproj", "{EE0B4B18-9419-4F25-868F-3FE057C1F58B}"
EndProject
Global
	GlobalSection(SolutionConfigurationPlatforms) = preSolution
		Debug|Any CPU = Debug|Any CPU
		Release|Any CPU = Release|Any CPU
	EndGlobalSection
	GlobalSection(ProjectConfigurationPlatforms) = postSolution
		{5A745472-C4FE-4BFC-BDD2-082242883703}.Debug|Any CPU.ActiveCfg = Debug|Any CPU
		{5A745472-C4FE-4BFC-BDD2-082242883703}.Debug|Any CPU.Build.0 = Debug|Any CPU
		{5A745472-C4FE-4BFC-BDD2-082242883703}.Release|Any CPU.ActiveCfg = Release|Any CPU
		{5A745472-C4FE-4BFC-BDD2-082242883703}.Release|Any CPU.Build.0 = Release|Any CPU
		{EE0B4B18-9419-4F25-868F-3FE057C1F58B}.Debug|Any CPU.ActiveCfg = Debug|Any CPU
		{EE0B4B18-9419-4F25-868F-3FE057C1F58B}.Debug|Any CPU.Build.0 = Debug|Any CPU
		{EE0B4B18-9419-4F25-868F-3FE057C1F58B}.Release|Any CPU.ActiveCfg = Release|Any CPU
		{EE0B4B18-9419-4F25-868F-3FE057C1F58B}.Release|Any CPU.Build.0 = Release|Any CPU
	EndGlobalSection
	GlobalSection(SolutionProperties) = preSolution
		HideSolutionNode = FALSE
	EndGlobalSection
	GlobalSection(ExtensibilityGlobals) = postSolution
		SolutionGuid = {563CE159-BF06-41AB-8F79-5AE9C181D6BB}
	EndGlobalSection
EndGlobal
